
Microsoft Visual Studio Solution File, Format Version 12.00
# Visual Studio 15
VisualStudioVersion = 15.0.26124.0
MinimumVisualStudioVersion = 15.0.26124.0
Project("{FAE04EC0-301F-11D3-BF4B-00C04F79EFBC}") = "Domain", "Domain\Domain.csproj", "{A5E6829A-7988-47D2-BFFB-442272469848}"
EndProject
Project("{FAE04EC0-301F-11D3-BF4B-00C04F79EFBC}") = "Application", "Application\Application.csproj", "{33F2DD88-2CD8-410A-B126-9779720C61F8}"
EndProject
Project("{FAE04EC0-301F-11D3-BF4B-00C04F79EFBC}") = "Persistence", "Persistence\Persistence.csproj", "{D427EF04-F5BE-43CB-A22D-C1888B959493}"
EndProject
Project("{FAE04EC0-301F-11D3-BF4B-00C04F79EFBC}") = "API", "API\API.csproj", "{60FF8EF8-CAAF-4B48-8C2C-F1BCC2ABA33D}"
EndProject
Global
	GlobalSection(SolutionConfigurationPlatforms) = preSolution
		Debug|Any CPU = Debug|Any CPU
		Debug|x64 = Debug|x64
		Debug|x86 = Debug|x86
		Release|Any CPU = Release|Any CPU
		Release|x64 = Release|x64
		Release|x86 = Release|x86
	EndGlobalSection
	GlobalSection(SolutionProperties) = preSolution
		HideSolutionNode = FALSE
	EndGlobalSection
	GlobalSection(ProjectConfigurationPlatforms) = postSolution
		{A5E6829A-7988-47D2-BFFB-442272469848}.Debug|Any CPU.ActiveCfg = Debug|Any CPU
		{A5E6829A-7988-47D2-BFFB-442272469848}.Debug|Any CPU.Build.0 = Debug|Any CPU
		{A5E6829A-7988-47D2-BFFB-442272469848}.Debug|x64.ActiveCfg = Debug|Any CPU
		{A5E6829A-7988-47D2-BFFB-442272469848}.Debug|x64.Build.0 = Debug|Any CPU
		{A5E6829A-7988-47D2-BFFB-442272469848}.Debug|x86.ActiveCfg = Debug|Any CPU
		{A5E6829A-7988-47D2-BFFB-442272469848}.Debug|x86.Build.0 = Debug|Any CPU
		{A5E6829A-7988-47D2-BFFB-442272469848}.Release|Any CPU.ActiveCfg = Release|Any CPU
		{A5E6829A-7988-47D2-BFFB-442272469848}.Release|Any CPU.Build.0 = Release|Any CPU
		{A5E6829A-7988-47D2-BFFB-442272469848}.Release|x64.ActiveCfg = Release|Any CPU
		{A5E6829A-7988-47D2-BFFB-442272469848}.Release|x64.Build.0 = Release|Any CPU
		{A5E6829A-7988-47D2-BFFB-442272469848}.Release|x86.ActiveCfg = Release|Any CPU
		{A5E6829A-7988-47D2-BFFB-442272469848}.Release|x86.Build.0 = Release|Any CPU
		{33F2DD88-2CD8-410A-B126-9779720C61F8}.Debug|Any CPU.ActiveCfg = Debug|Any CPU
		{33F2DD88-2CD8-410A-B126-9779720C61F8}.Debug|Any CPU.Build.0 = Debug|Any CPU
		{33F2DD88-2CD8-410A-B126-9779720C61F8}.Debug|x64.ActiveCfg = Debug|Any CPU
		{33F2DD88-2CD8-410A-B126-9779720C61F8}.Debug|x64.Build.0 = Debug|Any CPU
		{33F2DD88-2CD8-410A-B126-9779720C61F8}.Debug|x86.ActiveCfg = Debug|Any CPU
		{33F2DD88-2CD8-410A-B126-9779720C61F8}.Debug|x86.Build.0 = Debug|Any CPU
		{33F2DD88-2CD8-410A-B126-9779720C61F8}.Release|Any CPU.ActiveCfg = Release|Any CPU
		{33F2DD88-2CD8-410A-B126-9779720C61F8}.Release|Any CPU.Build.0 = Release|Any CPU
		{33F2DD88-2CD8-410A-B126-9779720C61F8}.Release|x64.ActiveCfg = Release|Any CPU
		{33F2DD88-2CD8-410A-B126-9779720C61F8}.Release|x64.Build.0 = Release|Any CPU
		{33F2DD88-2CD8-410A-B126-9779720C61F8}.Release|x86.ActiveCfg = Release|Any CPU
		{33F2DD88-2CD8-410A-B126-9779720C61F8}.Release|x86.Build.0 = Release|Any CPU
		{D427EF04-F5BE-43CB-A22D-C1888B959493}.Debug|Any CPU.ActiveCfg = Debug|Any CPU
		{D427EF04-F5BE-43CB-A22D-C1888B959493}.Debug|Any CPU.Build.0 = Debug|Any CPU
		{D427EF04-F5BE-43CB-A22D-C1888B959493}.Debug|x64.ActiveCfg = Debug|Any CPU
		{D427EF04-F5BE-43CB-A22D-C1888B959493}.Debug|x64.Build.0 = Debug|Any CPU
		{D427EF04-F5BE-43CB-A22D-C1888B959493}.Debug|x86.ActiveCfg = Debug|Any CPU
		{D427EF04-F5BE-43CB-A22D-C1888B959493}.Debug|x86.Build.0 = Debug|Any CPU
		{D427EF04-F5BE-43CB-A22D-C1888B959493}.Release|Any CPU.ActiveCfg = Release|Any CPU
		{D427EF04-F5BE-43CB-A22D-C1888B959493}.Release|Any CPU.Build.0 = Release|Any CPU
		{D427EF04-F5BE-43CB-A22D-C1888B959493}.Release|x64.ActiveCfg = Release|Any CPU
		{D427EF04-F5BE-43CB-A22D-C1888B959493}.Release|x64.Build.0 = Release|Any CPU
		{D427EF04-F5BE-43CB-A22D-C1888B959493}.Release|x86.ActiveCfg = Release|Any CPU
		{D427EF04-F5BE-43CB-A22D-C1888B959493}.Release|x86.Build.0 = Release|Any CPU
		{60FF8EF8-CAAF-4B48-8C2C-F1BCC2ABA33D}.Debug|Any CPU.ActiveCfg = Debug|Any CPU
		{60FF8EF8-CAAF-4B48-8C2C-F1BCC2ABA33D}.Debug|Any CPU.Build.0 = Debug|Any CPU
		{60FF8EF8-CAAF-4B48-8C2C-F1BCC2ABA33D}.Debug|x64.ActiveCfg = Debug|Any CPU
		{60FF8EF8-CAAF-4B48-8C2C-F1BCC2ABA33D}.Debug|x64.Build.0 = Debug|Any CPU
		{60FF8EF8-CAAF-4B48-8C2C-F1BCC2ABA33D}.Debug|x86.ActiveCfg = Debug|Any CPU
		{60FF8EF8-CAAF-4B48-8C2C-F1BCC2ABA33D}.Debug|x86.Build.0 = Debug|Any CPU
		{60FF8EF8-CAAF-4B48-8C2C-F1BCC2ABA33D}.Release|Any CPU.ActiveCfg = Release|Any CPU
		{60FF8EF8-CAAF-4B48-8C2C-F1BCC2ABA33D}.Release|Any CPU.Build.0 = Release|Any CPU
		{60FF8EF8-CAAF-4B48-8C2C-F1BCC2ABA33D}.Release|x64.ActiveCfg = Release|Any CPU
		{60FF8EF8-CAAF-4B48-8C2C-F1BCC2ABA33D}.Release|x64.Build.0 = Release|Any CPU
		{60FF8EF8-CAAF-4B48-8C2C-F1BCC2ABA33D}.Release|x86.ActiveCfg = Release|Any CPU
		{60FF8EF8-CAAF-4B48-8C2C-F1BCC2ABA33D}.Release|x86.Build.0 = Release|Any CPU
	EndGlobalSection
EndGlobal
